
Microsoft Visual Studio Solution File, Format Version 12.00
# Visual Studio Version 16
VisualStudioVersion = 16.0.31515.178
MinimumVisualStudioVersion = 10.0.40219.1
Project("{2150E333-8FDC-42A3-9474-1A3956D46DE8}") = "PlatePortal", "PlatePortal", "{BD34AA6E-F5AC-43D1-AEDC-C52D8CB49D83}"
EndProject
Project("{FAE04EC0-301F-11D3-BF4B-00C04F79EFBC}") = "PlatePortal.Web", "PlatePortal.Web\PlatePortal.Web.csproj", "{989FD824-5359-4F4D-B273-14E1FF290B2D}"
EndProject
Project("{FAE04EC0-301F-11D3-BF4B-00C04F79EFBC}") = "PlatePortal.Domain", "PlatePortal.Domain\PlatePortal.Domain.csproj", "{6C3854FB-7FE1-41BA-A9BF-09B577C50F97}"
EndProject
Project("{FAE04EC0-301F-11D3-BF4B-00C04F79EFBC}") = "PlatePortal.Repository", "PlatePortal.Repository\PlatePortal.Repository.csproj", "{16BD7DBC-F666-49FC-9194-0D9BFFCAF873}"
EndProject
Project("{FAE04EC0-301F-11D3-BF4B-00C04F79EFBC}") = "PlatePortal.Services", "PlatePortal.Services\PlatePortal.Services.csproj", "{86B2CF2A-C9F6-42DE-A5CC-1B4C7E0A7EF4}"
EndProject
Global
	GlobalSection(SolutionConfigurationPlatforms) = preSolution
		Debug|Any CPU = Debug|Any CPU
		Release|Any CPU = Release|Any CPU
	EndGlobalSection
	GlobalSection(ProjectConfigurationPlatforms) = postSolution
		{989FD824-5359-4F4D-B273-14E1FF290B2D}.Debug|Any CPU.ActiveCfg = Debug|Any CPU
		{989FD824-5359-4F4D-B273-14E1FF290B2D}.Debug|Any CPU.Build.0 = Debug|Any CPU
		{989FD824-5359-4F4D-B273-14E1FF290B2D}.Release|Any CPU.ActiveCfg = Release|Any CPU
		{989FD824-5359-4F4D-B273-14E1FF290B2D}.Release|Any CPU.Build.0 = Release|Any CPU
		{6C3854FB-7FE1-41BA-A9BF-09B577C50F97}.Debug|Any CPU.ActiveCfg = Debug|Any CPU
		{6C3854FB-7FE1-41BA-A9BF-09B577C50F97}.Debug|Any CPU.Build.0 = Debug|Any CPU
		{6C3854FB-7FE1-41BA-A9BF-09B577C50F97}.Release|Any CPU.ActiveCfg = Release|Any CPU
		{6C3854FB-7FE1-41BA-A9BF-09B577C50F97}.Release|Any CPU.Build.0 = Release|Any CPU
		{16BD7DBC-F666-49FC-9194-0D9BFFCAF873}.Debug|Any CPU.ActiveCfg = Debug|Any CPU
		{16BD7DBC-F666-49FC-9194-0D9BFFCAF873}.Debug|Any CPU.Build.0 = Debug|Any CPU
		{16BD7DBC-F666-49FC-9194-0D9BFFCAF873}.Release|Any CPU.ActiveCfg = Release|Any CPU
		{16BD7DBC-F666-49FC-9194-0D9BFFCAF873}.Release|Any CPU.Build.0 = Release|Any CPU
		{86B2CF2A-C9F6-42DE-A5CC-1B4C7E0A7EF4}.Debug|Any CPU.ActiveCfg = Debug|Any CPU
		{86B2CF2A-C9F6-42DE-A5CC-1B4C7E0A7EF4}.Debug|Any CPU.Build.0 = Debug|Any CPU
		{86B2CF2A-C9F6-42DE-A5CC-1B4C7E0A7EF4}.Release|Any CPU.ActiveCfg = Release|Any CPU
		{86B2CF2A-C9F6-42DE-A5CC-1B4C7E0A7EF4}.Release|Any CPU.Build.0 = Release|Any CPU
	EndGlobalSection
	GlobalSection(SolutionProperties) = preSolution
		HideSolutionNode = FALSE
	EndGlobalSection
	GlobalSection(NestedProjects) = preSolution
		{989FD824-5359-4F4D-B273-14E1FF290B2D} = {BD34AA6E-F5AC-43D1-AEDC-C52D8CB49D83}
		{6C3854FB-7FE1-41BA-A9BF-09B577C50F97} = {BD34AA6E-F5AC-43D1-AEDC-C52D8CB49D83}
		{16BD7DBC-F666-49FC-9194-0D9BFFCAF873} = {BD34AA6E-F5AC-43D1-AEDC-C52D8CB49D83}
		{86B2CF2A-C9F6-42DE-A5CC-1B4C7E0A7EF4} = {BD34AA6E-F5AC-43D1-AEDC-C52D8CB49D83}
	EndGlobalSection
	GlobalSection(ExtensibilityGlobals) = postSolution
		SolutionGuid = {4B38F2FE-8A93-4809-8A82-E06032BA864D}
	EndGlobalSection
EndGlobal
